
Microsoft Visual Studio Solution File, Format Version 12.00
# Visual Studio Version 16
VisualStudioVersion = 16.0.30523.141
MinimumVisualStudioVersion = 10.0.40219.1
Project("{FAE04EC0-301F-11D3-BF4B-00C04F79EFBC}") = "BookApiProject3.1", "BookApiProject3.1\BookApiProject3.1.csproj", "{C1F88913-98FC-4C10-995E-4A43382237DE}"
EndProject
Global
	GlobalSection(SolutionConfigurationPlatforms) = preSolution
		Debug|Any CPU = Debug|Any CPU
		Release|Any CPU = Release|Any CPU
	EndGlobalSection
	GlobalSection(ProjectConfigurationPlatforms) = postSolution
		{C1F88913-98FC-4C10-995E-4A43382237DE}.Debug|Any CPU.ActiveCfg = Debug|Any CPU
		{C1F88913-98FC-4C10-995E-4A43382237DE}.Debug|Any CPU.Build.0 = Debug|Any CPU
		{C1F88913-98FC-4C10-995E-4A43382237DE}.Release|Any CPU.ActiveCfg = Release|Any CPU
		{C1F88913-98FC-4C10-995E-4A43382237DE}.Release|Any CPU.Build.0 = Release|Any CPU
	EndGlobalSection
	GlobalSection(SolutionProperties) = preSolution
		HideSolutionNode = FALSE
	EndGlobalSection
	GlobalSection(ExtensibilityGlobals) = postSolution
		SolutionGuid = {6DA6678C-1867-4522-8C67-9371AD436698}
	EndGlobalSection
EndGlobal
